// !$*UTF8*$!
{
	archiveVersion = 1;
	classes = {
	};
	objectVersion = 50;
	objects = {

/* Begin PBXBuildFile section */
		599CE2CE25FFC2260073B524 /* AppDelegate.swift in Sources */ = {isa = PBXBuildFile; fileRef = 599CE2CD25FFC2260073B524 /* AppDelegate.swift */; };
		599CE2D025FFC2260073B524 /* SceneDelegate.swift in Sources */ = {isa = PBXBuildFile; fileRef = 599CE2CF25FFC2260073B524 /* SceneDelegate.swift */; };
		599CE2D225FFC2260073B524 /* ViewController.swift in Sources */ = {isa = PBXBuildFile; fileRef = 599CE2D125FFC2260073B524 /* ViewController.swift */; };
		599CE2D525FFC2260073B524 /* Main.storyboard in Resources */ = {isa = PBXBuildFile; fileRef = 599CE2D325FFC2260073B524 /* Main.storyboard */; };
		599CE2D725FFC2270073B524 /* Assets.xcassets in Resources */ = {isa = PBXBuildFile; fileRef = 599CE2D625FFC2270073B524 /* Assets.xcassets */; };
		599CE2DA25FFC2270073B524 /* LaunchScreen.storyboard in Resources */ = {isa = PBXBuildFile; fileRef = 599CE2D825FFC2270073B524 /* LaunchScreen.storyboard */; };
		599CE2E525FFC2280073B524 /* TicTacToeTests.swift in Sources */ = {isa = PBXBuildFile; fileRef = 599CE2E425FFC2280073B524 /* TicTacToeTests.swift */; };
		599CE2F025FFC2280073B524 /* TicTacToeUITests.swift in Sources */ = {isa = PBXBuildFile; fileRef = 599CE2EF25FFC2280073B524 /* TicTacToeUITests.swift */; };
/* End PBXBuildFile section */

/* Begin PBXContainerItemProxy section */
		599CE2E125FFC2280073B524 /* PBXContainerItemProxy */ = {
			isa = PBXContainerItemProxy;
			containerPortal = 599CE2C225FFC2260073B524 /* Project object */;
			proxyType = 1;
			remoteGlobalIDString = 599CE2C925FFC2260073B524;
			remoteInfo = TicTacToe;
		};
		599CE2EC25FFC2280073B524 /* PBXContainerItemProxy */ = {
			isa = PBXContainerItemProxy;
			containerPortal = 599CE2C225FFC2260073B524 /* Project object */;
			proxyType = 1;
			remoteGlobalIDString = 599CE2C925FFC2260073B524;
			remoteInfo = TicTacToe;
		};
/* End PBXContainerItemProxy section */

/* Begin PBXFileReference section */
		599CE2CA25FFC2260073B524 /* TicTacToe.app */ = {isa = PBXFileReference; explicitFileType = wrapper.application; includeInIndex = 0; path = TicTacToe.app; sourceTree = BUILT_PRODUCTS_DIR; };
		599CE2CD25FFC2260073B524 /* AppDelegate.swift */ = {isa = PBXFileReference; lastKnownFileType = sourcecode.swift; path = AppDelegate.swift; sourceTree = "<group>"; };
		599CE2CF25FFC2260073B524 /* SceneDelegate.swift */ = {isa = PBXFileReference; lastKnownFileType = sourcecode.swift; path = SceneDelegate.swift; sourceTree = "<group>"; };
		599CE2D125FFC2260073B524 /* ViewController.swift */ = {isa = PBXFileReference; lastKnownFileType = sourcecode.swift; path = ViewController.swift; sourceTree = "<group>"; };
		599CE2D425FFC2260073B524 /* Base */ = {isa = PBXFileReference; lastKnownFileType = file.storyboard; name = Base; path = Base.lproj/Main.storyboard; sourceTree = "<group>"; };
		599CE2D625FFC2270073B524 /* Assets.xcassets */ = {isa = PBXFileReference; lastKnownFileType = folder.assetcatalog; path = Assets.xcassets; sourceTree = "<group>"; };
		599CE2D925FFC2270073B524 /* Base */ = {isa = PBXFileReference; lastKnownFileType = file.storyboard; name = Base; path = Base.lproj/LaunchScreen.storyboard; sourceTree = "<group>"; };
		599CE2DB25FFC2270073B524 /* Info.plist */ = {isa = PBXFileReference; lastKnownFileType = text.plist.xml; path = Info.plist; sourceTree = "<group>"; };
		599CE2E025FFC2280073B524 /* TicTacToeTests.xctest */ = {isa = PBXFileReference; explicitFileType = wrapper.cfbundle; includeInIndex = 0; path = TicTacToeTests.xctest; sourceTree = BUILT_PRODUCTS_DIR; };
		599CE2E425FFC2280073B524 /* TicTacToeTests.swift */ = {isa = PBXFileReference; lastKnownFileType = sourcecode.swift; path = TicTacToeTests.swift; sourceTree = "<group>"; };
		599CE2E625FFC2280073B524 /* Info.plist */ = {isa = PBXFileReference; lastKnownFileType = text.plist.xml; path = Info.plist; sourceTree = "<group>"; };
		599CE2EB25FFC2280073B524 /* TicTacToeUITests.xctest */ = {isa = PBXFileReference; explicitFileType = wrapper.cfbundle; includeInIndex = 0; path = TicTacToeUITests.xctest; sourceTree = BUILT_PRODUCTS_DIR; };
		599CE2EF25FFC2280073B524 /* TicTacToeUITests.swift */ = {isa = PBXFileReference; lastKnownFileType = sourcecode.swift; path = TicTacToeUITests.swift; sourceTree = "<group>"; };
		599CE2F125FFC2280073B524 /* Info.plist */ = {isa = PBXFileReference; lastKnownFileType = text.plist.xml; path = Info.plist; sourceTree = "<group>"; };
/* End PBXFileReference section */

/* Begin PBXFrameworksBuildPhase section */
		599CE2C725FFC2260073B524 /* Frameworks */ = {
			isa = PBXFrameworksBuildPhase;
			buildActionMask = 2147483647;
			files = (
			);
			runOnlyForDeploymentPostprocessing = 0;
		};
		599CE2DD25FFC2270073B524 /* Frameworks */ = {
			isa = PBXFrameworksBuildPhase;
			buildActionMask = 2147483647;
			files = (
			);
			runOnlyForDeploymentPostprocessing = 0;
		};
		599CE2E825FFC2280073B524 /* Frameworks */ = {
			isa = PBXFrameworksBuildPhase;
			buildActionMask = 2147483647;
			files = (
			);
			runOnlyForDeploymentPostprocessing = 0;
		};
/* End PBXFrameworksBuildPhase section */

/* Begin PBXGroup section */
		599CE2C125FFC2260073B524 = {
			isa = PBXGroup;
			children = (
				599CE2CC25FFC2260073B524 /* TicTacToe */,
				599CE2E325FFC2280073B524 /* TicTacToeTests */,
				599CE2EE25FFC2280073B524 /* TicTacToeUITests */,
				599CE2CB25FFC2260073B524 /* Products */,
			);
			sourceTree = "<group>";
		};
		599CE2CB25FFC2260073B524 /* Products */ = {
			isa = PBXGroup;
			children = (
				599CE2CA25FFC2260073B524 /* TicTacToe.app */,
				599CE2E025FFC2280073B524 /* TicTacToeTests.xctest */,
				599CE2EB25FFC2280073B524 /* TicTacToeUITests.xctest */,
			);
			name = Products;
			sourceTree = "<group>";
		};
		599CE2CC25FFC2260073B524 /* TicTacToe */ = {
			isa = PBXGroup;
			children = (
				599CE2CD25FFC2260073B524 /* AppDelegate.swift */,
				599CE2CF25FFC2260073B524 /* SceneDelegate.swift */,
				599CE2D125FFC2260073B524 /* ViewController.swift */,
				599CE2D325FFC2260073B524 /* Main.storyboard */,
				599CE2D625FFC2270073B524 /* Assets.xcassets */,
				599CE2D825FFC2270073B524 /* LaunchScreen.storyboard */,
				599CE2DB25FFC2270073B524 /* Info.plist */,
			);
			path = TicTacToe;
			sourceTree = "<group>";
		};
		599CE2E325FFC2280073B524 /* TicTacToeTests */ = {
			isa = PBXGroup;
			children = (
				599CE2E425FFC2280073B524 /* TicTacToeTests.swift */,
				599CE2E625FFC2280073B524 /* Info.plist */,
			);
			path = TicTacToeTests;
			sourceTree = "<group>";
		};
		599CE2EE25FFC2280073B524 /* TicTacToeUITests */ = {
			isa = PBXGroup;
			children = (
				599CE2EF25FFC2280073B524 /* TicTacToeUITests.swift */,
				599CE2F125FFC2280073B524 /* Info.plist */,
			);
			path = TicTacToeUITests;
			sourceTree = "<group>";
		};
/* End PBXGroup section */

/* Begin PBXNativeTarget section */
		599CE2C925FFC2260073B524 /* TicTacToe */ = {
			isa = PBXNativeTarget;
			buildConfigurationList = 599CE2F425FFC2280073B524 /* Build configuration list for PBXNativeTarget "TicTacToe" */;
			buildPhases = (
				599CE2C625FFC2260073B524 /* Sources */,
				599CE2C725FFC2260073B524 /* Frameworks */,
				599CE2C825FFC2260073B524 /* Resources */,
			);
			buildRules = (
			);
			dependencies = (
			);
			name = TicTacToe;
			productName = TicTacToe;
			productReference = 599CE2CA25FFC2260073B524 /* TicTacToe.app */;
			productType = "com.apple.product-type.application";
		};
		599CE2DF25FFC2270073B524 /* TicTacToeTests */ = {
			isa = PBXNativeTarget;
			buildConfigurationList = 599CE2F725FFC2280073B524 /* Build configuration list for PBXNativeTarget "TicTacToeTests" */;
			buildPhases = (
				599CE2DC25FFC2270073B524 /* Sources */,
				599CE2DD25FFC2270073B524 /* Frameworks */,
				599CE2DE25FFC2270073B524 /* Resources */,
			);
			buildRules = (
			);
			dependencies = (
				599CE2E225FFC2280073B524 /* PBXTargetDependency */,
			);
			name = TicTacToeTests;
			productName = TicTacToeTests;
			productReference = 599CE2E025FFC2280073B524 /* TicTacToeTests.xctest */;
			productType = "com.apple.product-type.bundle.unit-test";
		};
		599CE2EA25FFC2280073B524 /* TicTacToeUITests */ = {
			isa = PBXNativeTarget;
			buildConfigurationList = 599CE2FA25FFC2280073B524 /* Build configuration list for PBXNativeTarget "TicTacToeUITests" */;
			buildPhases = (
				599CE2E725FFC2280073B524 /* Sources */,
				599CE2E825FFC2280073B524 /* Frameworks */,
				599CE2E925FFC2280073B524 /* Resources */,
			);
			buildRules = (
			);
			dependencies = (
				599CE2ED25FFC2280073B524 /* PBXTargetDependency */,
			);
			name = TicTacToeUITests;
			productName = TicTacToeUITests;
			productReference = 599CE2EB25FFC2280073B524 /* TicTacToeUITests.xctest */;
			productType = "com.apple.product-type.bundle.ui-testing";
		};
/* End PBXNativeTarget section */

/* Begin PBXProject section */
		599CE2C225FFC2260073B524 /* Project object */ = {
			isa = PBXProject;
			attributes = {
				LastSwiftUpdateCheck = 1240;
				LastUpgradeCheck = 1240;
				TargetAttributes = {
					599CE2C925FFC2260073B524 = {
						CreatedOnToolsVersion = 12.4;
					};
					599CE2DF25FFC2270073B524 = {
						CreatedOnToolsVersion = 12.4;
						TestTargetID = 599CE2C925FFC2260073B524;
					};
					599CE2EA25FFC2280073B524 = {
						CreatedOnToolsVersion = 12.4;
						TestTargetID = 599CE2C925FFC2260073B524;
					};
				};
			};
			buildConfigurationList = 599CE2C525FFC2260073B524 /* Build configuration list for PBXProject "TicTacToe" */;
			compatibilityVersion = "Xcode 9.3";
			developmentRegion = en;
			hasScannedForEncodings = 0;
			knownRegions = (
				en,
				Base,
			);
			mainGroup = 599CE2C125FFC2260073B524;
			productRefGroup = 599CE2CB25FFC2260073B524 /* Products */;
			projectDirPath = "";
			projectRoot = "";
			targets = (
				599CE2C925FFC2260073B524 /* TicTacToe */,
				599CE2DF25FFC2270073B524 /* TicTacToeTests */,
				599CE2EA25FFC2280073B524 /* TicTacToeUITests */,
			);
		};
/* End PBXProject section */

/* Begin PBXResourcesBuildPhase section */
		599CE2C825FFC2260073B524 /* Resources */ = {
			isa = PBXResourcesBuildPhase;
			buildActionMask = 2147483647;
			files = (
				599CE2DA25FFC2270073B524 /* LaunchScreen.storyboard in Resources */,
				599CE2D725FFC2270073B524 /* Assets.xcassets in Resources */,
				599CE2D525FFC2260073B524 /* Main.storyboard in Resources */,
			);
			runOnlyForDeploymentPostprocessing = 0;
		};
		599CE2DE25FFC2270073B524 /* Resources */ = {
			isa = PBXResourcesBuildPhase;
			buildActionMask = 2147483647;
			files = (
			);
			runOnlyForDeploymentPostprocessing = 0;
		};
		599CE2E925FFC2280073B524 /* Resources */ = {
			isa = PBXResourcesBuildPhase;
			buildActionMask = 2147483647;
			files = (
			);
			runOnlyForDeploymentPostprocessing = 0;
		};
/* End PBXResourcesBuildPhase section */

/* Begin PBXSourcesBuildPhase section */
		599CE2C625FFC2260073B524 /* Sources */ = {
			isa = PBXSourcesBuildPhase;
			buildActionMask = 2147483647;
			files = (
				599CE2D225FFC2260073B524 /* ViewController.swift in Sources */,
				599CE2CE25FFC2260073B524 /* AppDelegate.swift in Sources */,
				599CE2D025FFC2260073B524 /* SceneDelegate.swift in Sources */,
			);
			runOnlyForDeploymentPostprocessing = 0;
		};
		599CE2DC25FFC2270073B524 /* Sources */ = {
			isa = PBXSourcesBuildPhase;
			buildActionMask = 2147483647;
			files = (
				599CE2E525FFC2280073B524 /* TicTacToeTests.swift in Sources */,
			);
			runOnlyForDeploymentPostprocessing = 0;
		};
		599CE2E725FFC2280073B524 /* Sources */ = {
			isa = PBXSourcesBuildPhase;
			buildActionMask = 2147483647;
			files = (
				599CE2F025FFC2280073B524 /* TicTacToeUITests.swift in Sources */,
			);
			runOnlyForDeploymentPostprocessing = 0;
		};
/* End PBXSourcesBuildPhase section */

/* Begin PBXTargetDependency section */
		599CE2E225FFC2280073B524 /* PBXTargetDependency */ = {
			isa = PBXTargetDependency;
			target = 599CE2C925FFC2260073B524 /* TicTacToe */;
			targetProxy = 599CE2E125FFC2280073B524 /* PBXContainerItemProxy */;
		};
		599CE2ED25FFC2280073B524 /* PBXTargetDependency */ = {
			isa = PBXTargetDependency;
			target = 599CE2C925FFC2260073B524 /* TicTacToe */;
			targetProxy = 599CE2EC25FFC2280073B524 /* PBXContainerItemProxy */;
		};
/* End PBXTargetDependency section */

/* Begin PBXVariantGroup section */
		599CE2D325FFC2260073B524 /* Main.storyboard */ = {
			isa = PBXVariantGroup;
			children = (
				599CE2D425FFC2260073B524 /* Base */,
			);
			name = Main.storyboard;
			sourceTree = "<group>";
		};
		599CE2D825FFC2270073B524 /* LaunchScreen.storyboard */ = {
			isa = PBXVariantGroup;
			children = (
				599CE2D925FFC2270073B524 /* Base */,
			);
			name = LaunchScreen.storyboard;
			sourceTree = "<group>";
		};
/* End PBXVariantGroup section */

/* Begin XCBuildConfiguration section */
		599CE2F225FFC2280073B524 /* Debug */ = {
			isa = XCBuildConfiguration;
			buildSettings = {
				ALWAYS_SEARCH_USER_PATHS = NO;
				CLANG_ANALYZER_NONNULL = YES;
				CLANG_ANALYZER_NUMBER_OBJECT_CONVERSION = YES_AGGRESSIVE;
				CLANG_CXX_LANGUAGE_STANDARD = "gnu++14";
				CLANG_CXX_LIBRARY = "libc++";
				CLANG_ENABLE_MODULES = YES;
				CLANG_ENABLE_OBJC_ARC = YES;
				CLANG_ENABLE_OBJC_WEAK = YES;
				CLANG_WARN_BLOCK_CAPTURE_AUTORELEASING = YES;
				CLANG_WARN_BOOL_CONVERSION = YES;
				CLANG_WARN_COMMA = YES;
				CLANG_WARN_CONSTANT_CONVERSION = YES;
				CLANG_WARN_DEPRECATED_OBJC_IMPLEMENTATIONS = YES;
				CLANG_WARN_DIRECT_OBJC_ISA_USAGE = YES_ERROR;
				CLANG_WARN_DOCUMENTATION_COMMENTS = YES;
				CLANG_WARN_EMPTY_BODY = YES;
				CLANG_WARN_ENUM_CONVERSION = YES;
				CLANG_WARN_INFINITE_RECURSION = YES;
				CLANG_WARN_INT_CONVERSION = YES;
				CLANG_WARN_NON_LITERAL_NULL_CONVERSION = YES;
				CLANG_WARN_OBJC_IMPLICIT_RETAIN_SELF = YES;
				CLANG_WARN_OBJC_LITERAL_CONVERSION = YES;
				CLANG_WARN_OBJC_ROOT_CLASS = YES_ERROR;
				CLANG_WARN_QUOTED_INCLUDE_IN_FRAMEWORK_HEADER = YES;
				CLANG_WARN_RANGE_LOOP_ANALYSIS = YES;
				CLANG_WARN_STRICT_PROTOTYPES = YES;
				CLANG_WARN_SUSPICIOUS_MOVE = YES;
				CLANG_WARN_UNGUARDED_AVAILABILITY = YES_AGGRESSIVE;
				CLANG_WARN_UNREACHABLE_CODE = YES;
				CLANG_WARN__DUPLICATE_METHOD_MATCH = YES;
				COPY_PHASE_STRIP = NO;
				DEBUG_INFORMATION_FORMAT = dwarf;
				ENABLE_STRICT_OBJC_MSGSEND = YES;
				ENABLE_TESTABILITY = YES;
				GCC_C_LANGUAGE_STANDARD = gnu11;
				GCC_DYNAMIC_NO_PIC = NO;
				GCC_NO_COMMON_BLOCKS = YES;
				GCC_OPTIMIZATION_LEVEL = 0;
				GCC_PREPROCESSOR_DEFINITIONS = (
					"DEBUG=1",
					"$(inherited)",
				);
				GCC_WARN_64_TO_32_BIT_CONVERSION = YES;
				GCC_WARN_ABOUT_RETURN_TYPE = YES_ERROR;
				GCC_WARN_UNDECLARED_SELECTOR = YES;
				GCC_WARN_UNINITIALIZED_AUTOS = YES_AGGRESSIVE;
				GCC_WARN_UNUSED_FUNCTION = YES;
				GCC_WARN_UNUSED_VARIABLE = YES;
				IPHONEOS_DEPLOYMENT_TARGET = 14.4;
				MTL_ENABLE_DEBUG_INFO = INCLUDE_SOURCE;
				MTL_FAST_MATH = YES;
				ONLY_ACTIVE_ARCH = YES;
				SDKROOT = iphoneos;
				SWIFT_ACTIVE_COMPILATION_CONDITIONS = DEBUG;
				SWIFT_OPTIMIZATION_LEVEL = "-Onone";
			};
			name = Debug;
		};
		599CE2F325FFC2280073B524 /* Release */ = {
			isa = XCBuildConfiguration;
			buildSettings = {
				ALWAYS_SEARCH_USER_PATHS = NO;
				CLANG_ANALYZER_NONNULL = YES;
				CLANG_ANALYZER_NUMBER_OBJECT_CONVERSION = YES_AGGRESSIVE;
				CLANG_CXX_LANGUAGE_STANDARD = "gnu++14";
				CLANG_CXX_LIBRARY = "libc++";
				CLANG_ENABLE_MODULES = YES;
				CLANG_ENABLE_OBJC_ARC = YES;
				CLANG_ENABLE_OBJC_WEAK = YES;
				CLANG_WARN_BLOCK_CAPTURE_AUTORELEASING = YES;
				CLANG_WARN_BOOL_CONVERSION = YES;
				CLANG_WARN_COMMA = YES;
				CLANG_WARN_CONSTANT_CONVERSION = YES;
				CLANG_WARN_DEPRECATED_OBJC_IMPLEMENTATIONS = YES;
				CLANG_WARN_DIRECT_OBJC_ISA_USAGE = YES_ERROR;
				CLANG_WARN_DOCUMENTATION_COMMENTS = YES;
				CLANG_WARN_EMPTY_BODY = YES;
				CLANG_WARN_ENUM_CONVERSION = YES;
				CLANG_WARN_INFINITE_RECURSION = YES;
				CLANG_WARN_INT_CONVERSION = YES;
				CLANG_WARN_NON_LITERAL_NULL_CONVERSION = YES;
				CLANG_WARN_OBJC_IMPLICIT_RETAIN_SELF = YES;
				CLANG_WARN_OBJC_LITERAL_CONVERSION = YES;
				CLANG_WARN_OBJC_ROOT_CLASS = YES_ERROR;
				CLANG_WARN_QUOTED_INCLUDE_IN_FRAMEWORK_HEADER = YES;
				CLANG_WARN_RANGE_LOOP_ANALYSIS = YES;
				CLANG_WARN_STRICT_PROTOTYPES = YES;
				CLANG_WARN_SUSPICIOUS_MOVE = YES;
				CLANG_WARN_UNGUARDED_AVAILABILITY = YES_AGGRESSIVE;
				CLANG_WARN_UNREACHABLE_CODE = YES;
				CLANG_WARN__DUPLICATE_METHOD_MATCH = YES;
				COPY_PHASE_STRIP = NO;
				DEBUG_INFORMATION_FORMAT = "dwarf-with-dsym";
				ENABLE_NS_ASSERTIONS = NO;
				ENABLE_STRICT_OBJC_MSGSEND = YES;
				GCC_C_LANGUAGE_STANDARD = gnu11;
				GCC_NO_COMMON_BLOCKS = YES;
				GCC_WARN_64_TO_32_BIT_CONVERSION = YES;
				GCC_WARN_ABOUT_RETURN_TYPE = YES_ERROR;
				GCC_WARN_UNDECLARED_SELECTOR = YES;
				GCC_WARN_UNINITIALIZED_AUTOS = YES_AGGRESSIVE;
				GCC_WARN_UNUSED_FUNCTION = YES;
				GCC_WARN_UNUSED_VARIABLE = YES;
				IPHONEOS_DEPLOYMENT_TARGET = 14.4;
				MTL_ENABLE_DEBUG_INFO = NO;
				MTL_FAST_MATH = YES;
				SDKROOT = iphoneos;
				SWIFT_COMPILATION_MODE = wholemodule;
				SWIFT_OPTIMIZATION_LEVEL = "-O";
				VALIDATE_PRODUCT = YES;
			};
			name = Release;
		};
		599CE2F525FFC2280073B524 /* Debug */ = {
			isa = XCBuildConfiguration;
			buildSettings = {
				ASSETCATALOG_COMPILER_APPICON_NAME = AppIcon;
				ASSETCATALOG_COMPILER_GLOBAL_ACCENT_COLOR_NAME = AccentColor;
				CODE_SIGN_STYLE = Automatic;
				DEVELOPMENT_ASSET_PATHS = "";
				DEVELOPMENT_TEAM = M3A5WV8AP8;
				INFOPLIST_FILE = TicTacToe/Info.plist;
				LD_RUNPATH_SEARCH_PATHS = (
					"$(inherited)",
					"@executable_path/Frameworks",
				);
				PRODUCT_BUNDLE_IDENTIFIER = "-8dorik.corp.TicTacToe";
				PRODUCT_NAME = "$(TARGET_NAME)";
				SWIFT_VERSION = 5.0;
				TARGETED_DEVICE_FAMILY = "1,2";
			};
			name = Debug;
		};
		599CE2F625FFC2280073B524 /* Release */ = {
			isa = XCBuildConfiguration;
			buildSettings = {
				ASSETCATALOG_COMPILER_APPICON_NAME = AppIcon;
				ASSETCATALOG_COMPILER_GLOBAL_ACCENT_COLOR_NAME = AccentColor;
				CODE_SIGN_STYLE = Automatic;
				DEVELOPMENT_ASSET_PATHS = "";
				DEVELOPMENT_TEAM = M3A5WV8AP8;
				INFOPLIST_FILE = TicTacToe/Info.plist;
				LD_RUNPATH_SEARCH_PATHS = (
					"$(inherited)",
					"@executable_path/Frameworks",
				);
				PRODUCT_BUNDLE_IDENTIFIER = "-8dorik.corp.TicTacToe";
				PRODUCT_NAME = "$(TARGET_NAME)";
				SWIFT_VERSION = 5.0;
				TARGETED_DEVICE_FAMILY = "1,2";
			};
			name = Release;
		};
		599CE2F825FFC2280073B524 /* Debug */ = {
			isa = XCBuildConfiguration;
			buildSettings = {
				ALWAYS_EMBED_SWIFT_STANDARD_LIBRARIES = YES;
				BUNDLE_LOADER = "$(TEST_HOST)";
				CODE_SIGN_STYLE = Automatic;
				INFOPLIST_FILE = TicTacToeTests/Info.plist;
				IPHONEOS_DEPLOYMENT_TARGET = 14.4;
				LD_RUNPATH_SEARCH_PATHS = (
					"$(inherited)",
					"@executable_path/Frameworks",
					"@loader_path/Frameworks",
				);
				PRODUCT_BUNDLE_IDENTIFIER = "-dorik.corp.TicTacToeTests";
				PRODUCT_NAME = "$(TARGET_NAME)";
				SWIFT_VERSION = 5.0;
				TARGETED_DEVICE_FAMILY = "1,2";
				TEST_HOST = "$(BUILT_PRODUCTS_DIR)/TicTacToe.app/TicTacToe";
			};
			name = Debug;
		};
		599CE2F925FFC2280073B524 /* Release */ = {
			isa = XCBuildConfiguration;
			buildSettings = {
				ALWAYS_EMBED_SWIFT_STANDARD_LIBRARIES = YES;
				BUNDLE_LOADER = "$(TEST_HOST)";
				CODE_SIGN_STYLE = Automatic;
				INFOPLIST_FILE = TicTacToeTests/Info.plist;
				IPHONEOS_DEPLOYMENT_TARGET = 14.4;
				LD_RUNPATH_SEARCH_PATHS = (
					"$(inherited)",
					"@executable_path/Frameworks",
					"@loader_path/Frameworks",
				);
				PRODUCT_BUNDLE_IDENTIFIER = "-dorik.corp.TicTacToeTests";
				PRODUCT_NAME = "$(TARGET_NAME)";
				SWIFT_VERSION = 5.0;
				TARGETED_DEVICE_FAMILY = "1,2";
				TEST_HOST = "$(BUILT_PRODUCTS_DIR)/TicTacToe.app/TicTacToe";
			};
			name = Release;
		};
		599CE2FB25FFC2280073B524 /* Debug */ = {
			isa = XCBuildConfiguration;
			buildSettings = {
				ALWAYS_EMBED_SWIFT_STANDARD_LIBRARIES = YES;
				CODE_SIGN_STYLE = Automatic;
				INFOPLIST_FILE = TicTacToeUITests/Info.plist;
				LD_RUNPATH_SEARCH_PATHS = (
					"$(inherited)",
					"@executable_path/Frameworks",
					"@loader_path/Frameworks",
				);
				PRODUCT_BUNDLE_IDENTIFIER = "-dorik.corp.TicTacToeUITests";
				PRODUCT_NAME = "$(TARGET_NAME)";
				SWIFT_VERSION = 5.0;
				TARGETED_DEVICE_FAMILY = "1,2";
				TEST_TARGET_NAME = TicTacToe;
			};
			name = Debug;
		};
		599CE2FC25FFC2280073B524 /* Release */ = {
			isa = XCBuildConfiguration;
			buildSettings = {
				ALWAYS_EMBED_SWIFT_STANDARD_LIBRARIES = YES;
				CODE_SIGN_STYLE = Automatic;
				INFOPLIST_FILE = TicTacToeUITests/Info.plist;
				LD_RUNPATH_SEARCH_PATHS = (
					"$(inherited)",
					"@executable_path/Frameworks",
					"@loader_path/Frameworks",
				);
				PRODUCT_BUNDLE_IDENTIFIER = "-dorik.corp.TicTacToeUITests";
				PRODUCT_NAME = "$(TARGET_NAME)";
				SWIFT_VERSION = 5.0;
				TARGETED_DEVICE_FAMILY = "1,2";
				TEST_TARGET_NAME = TicTacToe;
			};
			name = Release;
		};
/* End XCBuildConfiguration section */

/* Begin XCConfigurationList section */
		599CE2C525FFC2260073B524 /* Build configuration list for PBXProject "TicTacToe" */ = {
			isa = XCConfigurationList;
			buildConfigurations = (
				599CE2F225FFC2280073B524 /* Debug */,
				599CE2F325FFC2280073B524 /* Release */,
			);
			defaultConfigurationIsVisible = 0;
			defaultConfigurationName = Release;
		};
		599CE2F425FFC2280073B524 /* Build configuration list for PBXNativeTarget "TicTacToe" */ = {
			isa = XCConfigurationList;
			buildConfigurations = (
				599CE2F525FFC2280073B524 /* Debug */,
				599CE2F625FFC2280073B524 /* Release */,
			);
			defaultConfigurationIsVisible = 0;
			defaultConfigurationName = Release;
		};
		599CE2F725FFC2280073B524 /* Build configuration list for PBXNativeTarget "TicTacToeTests" */ = {
			isa = XCConfigurationList;
			buildConfigurations = (
				599CE2F825FFC2280073B524 /* Debug */,
				599CE2F925FFC2280073B524 /* Release */,
			);
			defaultConfigurationIsVisible = 0;
			defaultConfigurationName = Release;
		};
		599CE2FA25FFC2280073B524 /* Build configuration list for PBXNativeTarget "TicTacToeUITests" */ = {
			isa = XCConfigurationList;
			buildConfigurations = (
				599CE2FB25FFC2280073B524 /* Debug */,
				599CE2FC25FFC2280073B524 /* Release */,
			);
			defaultConfigurationIsVisible = 0;
			defaultConfigurationName = Release;
		};
/* End XCConfigurationList section */
	};
	rootObject = 599CE2C225FFC2260073B524 /* Project object */;
}
